
Microsoft Visual Studio Solution File, Format Version 12.00
# Visual Studio Version 17
VisualStudioVersion = 17.14.36408.4 d17.14
MinimumVisualStudioVersion = 10.0.40219.1
Project("{FAE04EC0-301F-11D3-BF4B-00C04F79EFBC}") = "ExteranlLogin", "ExteranlLogin\ExteranlLogin.csproj", "{95CB4BAE-3753-4D4C-B997-AB76F015ADE3}"
EndProject
Global
	GlobalSection(SolutionConfigurationPlatforms) = preSolution
		Debug|Any CPU = Debug|Any CPU
		Release|Any CPU = Release|Any CPU
	EndGlobalSection
	GlobalSection(ProjectConfigurationPlatforms) = postSolution
		{95CB4BAE-3753-4D4C-B997-AB76F015ADE3}.Debug|Any CPU.ActiveCfg = Debug|Any CPU
		{95CB4BAE-3753-4D4C-B997-AB76F015ADE3}.Debug|Any CPU.Build.0 = Debug|Any CPU
		{95CB4BAE-3753-4D4C-B997-AB76F015ADE3}.Release|Any CPU.ActiveCfg = Release|Any CPU
		{95CB4BAE-3753-4D4C-B997-AB76F015ADE3}.Release|Any CPU.Build.0 = Release|Any CPU
	EndGlobalSection
	GlobalSection(SolutionProperties) = preSolution
		HideSolutionNode = FALSE
	EndGlobalSection
	GlobalSection(ExtensibilityGlobals) = postSolution
		SolutionGuid = {584A9112-E916-4845-A11A-6B2B40000488}
	EndGlobalSection
EndGlobal
